%{"blacksmith": {:git, "git://github.com/batate/blacksmith.git", "2f685044c313986ab291c6ff8a17c8c0555c351c", []},
  "certifi": {:hex, :certifi, "2.5.1", "867ce347f7c7d78563450a18a6a28a8090331e77fa02380b4a21962a65d36ee5", [:rebar3], [{:parse_trans, "~>3.3", [hex: :parse_trans, repo: "hexpm", optional: false]}], "hexpm"},
  "combine": {:hex, :combine, "0.10.0", "eff8224eeb56498a2af13011d142c5e7997a80c8f5b97c499f84c841032e429f", [:mix], [], "hexpm"},
  "comeonin": {:hex, :comeonin, "2.0.3", "8703e407c5cd8c173c9c3b9421b5d9079d0c90a6de67a1a563973c3cb02fd4d3", [:make, :mix], [], "hexpm"},
  "cowboy": {:hex, :cowboy, "1.1.2", "61ac29ea970389a88eca5a65601460162d370a70018afe6f949a29dca91f3bb0", [:rebar3], [{:cowlib, "~> 1.0.2", [hex: :cowlib, repo: "hexpm", optional: false]}, {:ranch, "~> 1.3.2", [hex: :ranch, repo: "hexpm", optional: false]}], "hexpm"},
  "cowlib": {:hex, :cowlib, "1.0.2", "9d769a1d062c9c3ac753096f868ca121e2730b9a377de23dec0f7e08b1df84ee", [:make], [], "hexpm"},
  "decimal": {:hex, :decimal, "1.1.0", "3333732f17a90ff3057d7ab8c65f0930ca2d67e15cca812a91ead5633ed472fe", [:mix], [], "hexpm"},
  "earmark": {:hex, :earmark, "0.1.17", "a2269e72ff85501bdb58c2de9edc0a9a17a4be2757883eed1f601b30494ed2bf", [:mix], [], "hexpm"},
  "ecto": {:hex, :ecto, "1.0.3", "7a7f53871e9522624e7acca90bbe468ec446197ac4be726ec5df852b40845a81", [:mix], [{:decimal, "~> 1.0", [hex: :decimal, repo: "hexpm", optional: false]}, {:mariaex, "~> 0.4.1", [hex: :mariaex, repo: "hexpm", optional: true]}, {:poison, "~> 1.0", [hex: :poison, repo: "hexpm", optional: true]}, {:poolboy, "~> 1.4", [hex: :poolboy, repo: "hexpm", optional: false]}, {:postgrex, "~> 0.9.1", [hex: :postgrex, repo: "hexpm", optional: true]}, {:sbroker, "~> 0.7", [hex: :sbroker, repo: "hexpm", optional: true]}], "hexpm"},
  "ex_doc": {:hex, :ex_doc, "0.7.3", "8f52bfbfcbc0206dd08dd94aae86a3fd5330ba2f37c73cfea2918ed4c96d1769", [:mix], [{:earmark, "~> 0.1.17 or ~> 0.2", [hex: :earmark, repo: "hexpm", optional: true]}], "hexpm"},
  "faker": {:hex, :faker, "0.5.1", "dc70581caac8f452ce88c2354ffe56863fa09b5fbe96e8048bbecf679b38cab8", [:mix], [{:poison, ">= 1.0.0", [hex: :poison, repo: "hexpm", optional: false]}], "hexpm"},
  "hackney": {:hex, :hackney, "1.15.1", "9f8f471c844b8ce395f7b6d8398139e26ddca9ebc171a8b91342ee15a19963f4", [:rebar3], [{:certifi, "2.5.1", [hex: :certifi, repo: "hexpm", optional: false]}, {:idna, "6.0.0", [hex: :idna, repo: "hexpm", optional: false]}, {:metrics, "1.0.1", [hex: :metrics, repo: "hexpm", optional: false]}, {:mimerl, "~>1.1", [hex: :mimerl, repo: "hexpm", optional: false]}, {:ssl_verify_fun, "1.1.4", [hex: :ssl_verify_fun, repo: "hexpm", optional: false]}], "hexpm"},
  "idna": {:hex, :idna, "6.0.0", "689c46cbcdf3524c44d5f3dde8001f364cd7608a99556d8fbd8239a5798d4c10", [:rebar3], [{:unicode_util_compat, "0.4.1", [hex: :unicode_util_compat, repo: "hexpm", optional: false]}], "hexpm"},
  "joken": {:hex, :joken, "0.13.1", "3b9c0aee664354221bba746a431380a84d03169e437d76ad65e728f9ee5883fa", [:mix], [], "hexpm"},
  "mailgun": {:hex, :mailgun, "0.1.2", "37c1306675cf27a66a13dea3c9d479da2a990f0aed296b5addbd0b07529b667d", [:mix], [{:poison, "~> 1.4", [hex: :poison, repo: "hexpm", optional: false]}], "hexpm"},
  "meck": {:hex, :meck, "0.8.2", "f15f7d513e14ec8c8dee9a95d4ae585b3e5a88bf0fa6a7573240d6ddb58a7236", [:make, :rebar], [], "hexpm"},
  "metrics": {:hex, :metrics, "1.0.1", "25f094dea2cda98213cecc3aeff09e940299d950904393b2a29d191c346a8486", [:rebar3], [], "hexpm"},
  "mime": {:hex, :mime, "1.3.1", "30ce04ab3175b6ad0bdce0035cba77bba68b813d523d1aac73d9781b4d193cf8", [:mix], [], "hexpm"},
  "mimerl": {:hex, :mimerl, "1.2.0", "67e2d3f571088d5cfd3e550c383094b47159f3eee8ffa08e64106cdf5e981be3", [:rebar3], [], "hexpm"},
  "mock": {:hex, :mock, "0.1.1", "e21469ca27ba32aa7b18b61699db26f7a778171b21c0e5deb6f1218a53278574", [:mix], [{:meck, "~> 0.8.2", [hex: :meck, repo: "hexpm", optional: false]}], "hexpm"},
  "parse_trans": {:hex, :parse_trans, "3.3.0", "09765507a3c7590a784615cfd421d101aec25098d50b89d7aa1d66646bc571c1", [:rebar3], [], "hexpm"},
  "phoenix": {:hex, :phoenix, "1.2.5", "dbc45a5f8fb522aaa815b003f2d5598bc45e23102ae3e265768848ab23eafcb7", [:mix], [{:cowboy, "~> 1.0", [hex: :cowboy, repo: "hexpm", optional: true]}, {:phoenix_pubsub, "~> 1.0", [hex: :phoenix_pubsub, repo: "hexpm", optional: false]}, {:plug, "~> 1.3.3 or ~> 1.2.4 or ~> 1.1.8 or ~> 1.0.5", [hex: :plug, repo: "hexpm", optional: false]}, {:poison, "~> 1.5 or ~> 2.0", [hex: :poison, repo: "hexpm", optional: false]}], "hexpm"},
  "phoenix_pubsub": {:hex, :phoenix_pubsub, "1.1.2", "496c303bdf1b2e98a9d26e89af5bba3ab487ba3a3735f74bf1f4064d2a845a3e", [:mix], [], "hexpm"},
  "plug": {:hex, :plug, "1.3.6", "bcdf94ac0f4bc3b804bdbdbde37ebf598bd7ed2bfa5106ed1ab5984a09b7e75f", [:mix], [{:cowboy, "~> 1.0.1 or ~> 1.1", [hex: :cowboy, repo: "hexpm", optional: true]}, {:mime, "~> 1.0", [hex: :mime, repo: "hexpm", optional: false]}], "hexpm"},
  "plug_crypto": {:hex, :plug_crypto, "1.0.0", "18e49317d3fa343f24620ed22795ec29d4a5e602d52d1513ccea0b07d8ea7d4d", [:mix], [], "hexpm"},
  "poison": {:hex, :poison, "1.5.2", "560bdfb7449e3ddd23a096929fb9fc2122f709bcc758b2d5d5a5c7d0ea848910", [:mix], [], "hexpm"},
  "poolboy": {:hex, :poolboy, "1.5.1", "6b46163901cfd0a1b43d692657ed9d7e599853b3b21b95ae5ae0a777cf9b6ca8", [:rebar], [], "hexpm"},
  "postgrex": {:hex, :postgrex, "0.9.1", "a7c9d4b3cc70b4b8c73190e0d462e057e22e1597954deb422fc45d5183463d61", [:mix], [{:decimal, "~> 1.0", [hex: :decimal, repo: "hexpm", optional: false]}], "hexpm"},
  "ranch": {:hex, :ranch, "1.3.2", "e4965a144dc9fbe70e5c077c65e73c57165416a901bd02ea899cfd95aa890986", [:rebar3], [], "hexpm"},
  "secure_random": {:hex, :secure_random, "0.1.1", "cb52da7a078ae8efa5fe925b168536e697d2ec5488332d8e08b47ce2be1bae31", [:mix], [], "hexpm"},
  "ssl_verify_fun": {:hex, :ssl_verify_fun, "1.1.4", "f0eafff810d2041e93f915ef59899c923f4568f4585904d010387ed74988e77b", [:make, :mix, :rebar3], [], "hexpm"},
  "ssl_verify_hostname": {:hex, :ssl_verify_hostname, "1.0.5", "2e73e068cd6393526f9fa6d399353d7c9477d6886ba005f323b592d389fb47be", [:make], [], "hexpm"},
  "timex": {:hex, :timex, "1.0.2", "a07f2234298749c0eeede7e6da2534acf35c2c4529c4240d390828953aafd038", [:mix], [{:combine, "~> 0.7", [hex: :combine, repo: "hexpm", optional: false]}, {:tzdata, "~> 0.1.8 or ~> 0.5", [hex: :tzdata, repo: "hexpm", optional: false]}], "hexpm"},
  "tzdata": {:hex, :tzdata, "0.5.21", "8cbf3607fcce69636c672d5be2bbb08687fe26639a62bdcc283d267277db7cf0", [:mix], [{:hackney, "~> 1.0", [hex: :hackney, repo: "hexpm", optional: false]}], "hexpm"},
  "unicode_util_compat": {:hex, :unicode_util_compat, "0.4.1", "d869e4c68901dd9531385bb0c8c40444ebf624e60b6962d95952775cac5e90cd", [:rebar3], [], "hexpm"}}
